<?xml version="1.0" encoding="utf-8"?>
<Project ToolsVersion="4.0" xmlns="http://schemas.microsoft.com/developer/msbuild/2003">
  <ItemGroup>
    <ClInclude Include="include\central.h" />
    <ClInclude Include="include\utils.h" />
    <ClInclude Include="include\Animation\animationClip.h" />
    <ClInclude Include="include\Animation\animationData.h" />
    <ClInclude Include="include\Animation\animationLibrary.h" />
    <ClInclude Include="include\Animation\animationSet.h" />
    <ClInclude Include="include\Animation\animationTypes.h" />
    <ClInclude Include="include\Components\animator.h" />
    <ClInclude Include="include\Components\bullet.h" />
    <ClInclude Include="include\Components\camera.h" />
    <ClInclude Include="include\Components\collider.h" />
    <ClInclude Include="include\Components\component.h" />
    <ClInclude Include="include\Components\debugRenderer.h" />
    <ClInclude Include="include\Components\enemy.h" />
    <ClInclude Include="include\Components\flamethrower.h" />
    <ClInclude Include="include\Components\fpsCounter.h" />
    <ClInclude Include="include\Components\gridCollider.h" />
    <ClInclude Include="include\Components\gridRenderer.h" />
    <ClInclude Include="include\Components\gun.h" />
    <ClInclude Include="include\Components\machinegun.h" />
    <ClInclude Include="include\Components\pixelCollider.h" />
    <ClInclude Include="include\Components\playerAnimationHandler.h" />
    <ClInclude Include="include\Components\playerController.h" />
    <ClInclude Include="include\Components\playerMove.h" />
    <ClInclude Include="include\Components\playerShoot.h" />
    <ClInclude Include="include\Components\rectCollider.h" />
    <ClInclude Include="include\Components\rectRenderer.h" />
    <ClInclude Include="include\Components\renderer.h" />
    <ClInclude Include="include\Components\rigidbody.h" />
    <ClInclude Include="include\Components\shotgun.h" />
    <ClInclude Include="include\Components\spriteFactory.h" />
    <ClInclude Include="include\Components\spriteRenderer.h" />
    <ClInclude Include="include\Components\textRenderer.h" />
    <ClInclude Include="include\Components\tileCollider.h" />
    <ClInclude Include="include\Components\transform.h" />
    <ClInclude Include="include\GameObjects\gameObject.h" />
    <ClInclude Include="include\Objects\bulletPool.h" />
    <ClInclude Include="include\Objects\collisionSystem.h" />
    <ClInclude Include="include\Objects\grid.h" />
    <ClInclude Include="include\Objects\gridFactory.h" />
    <ClInclude Include="include\Objects\jsonParser.h" />
    <ClInclude Include="include\Objects\renderSystem.h" />
    <ClInclude Include="include\Scene\mainScene.h" />
    <ClInclude Include="include\Scene\myScene.h" />
    <ClInclude Include="include\Scene\sceneFactory.h" />
    <ClInclude Include="include\Scene\sceneManager.h" />
  </ItemGroup>
  <ItemGroup>
    <ClCompile Include="src\Animation\animationClip.cpp" />
    <ClCompile Include="src\Animation\animationLibrary.cpp" />
    <ClCompile Include="src\Animation\animationSet.cpp" />
    <ClCompile Include="src\Components\animator.cpp" />
    <ClCompile Include="src\Components\bullet.cpp" />
    <ClCompile Include="src\Components\camera.cpp" />
    <ClCompile Include="src\Components\collider.cpp" />
    <ClCompile Include="src\Components\component.cpp" />
    <ClCompile Include="src\Components\debugRenderer.cpp" />
    <ClCompile Include="src\Components\enemy.cpp" />
    <ClCompile Include="src\Components\flamethrower.cpp" />
    <ClCompile Include="src\Components\fpsCounter.cpp" />
    <ClCompile Include="src\Components\gridCollider.cpp" />
    <ClCompile Include="src\Components\gridRenderer.cpp" />
    <ClCompile Include="src\Components\gun.cpp" />
    <ClCompile Include="src\Components\machinegun.cpp" />
    <ClCompile Include="src\Components\pixelCollider.cpp" />
    <ClCompile Include="src\Components\playerAnimationHandler.cpp" />
    <ClCompile Include="src\Components\playerController.cpp" />
    <ClCompile Include="src\Components\playerMove.cpp" />
    <ClCompile Include="src\Components\playerShoot.cpp" />
    <ClCompile Include="src\Components\rectCollider.cpp" />
    <ClCompile Include="src\Components\rectRenderer.cpp" />
    <ClCompile Include="src\Components\renderer.cpp" />
    <ClCompile Include="src\Components\rigidbody.cpp" />
    <ClCompile Include="src\Components\shotgun.cpp" />
    <ClCompile Include="src\Components\spriteRenderer.cpp" />
    <ClCompile Include="src\Components\textRenderer.cpp" />
    <ClCompile Include="src\Components\tileCollider.cpp" />
    <ClCompile Include="src\Components\transform.cpp" />
    <ClCompile Include="src\GameObjects\gameObject.cpp" />
    <ClCompile Include="src\Objects\bulletPool.cpp" />
    <ClCompile Include="src\Objects\collisionSystem.cpp" />
    <ClCompile Include="src\Objects\grid.cpp" />
    <ClCompile Include="src\Objects\gridFactory.cpp" />
    <ClCompile Include="src\Objects\jsonParser.cpp" />
    <ClCompile Include="src\Objects\renderSystem.cpp" />
    <ClCompile Include="src\Scene\mainScene.cpp" />
    <ClCompile Include="src\Scene\myScene.cpp" />
    <ClCompile Include="src\Scene\sceneFactory.cpp" />
    <ClCompile Include="src\Scene\sceneManager.cpp" />
  </ItemGroup>
</Project>